# This file is automatically generated by diffusion.
# Do not edit this file manually.
# Generated: 2026-03-01T15:16:24Z

version: "1.0"
generated: "2026-03-01T15:16:24Z"
hash: eb2dcd2d0574b774b9e8f4938183b15279f45b5d171fea0b9aba92c1a6811f18
python:
    min: "3.11"
    max: "3.13"
    pinned: "3.13"
collections:
    - name: community.docker
      version: ""
      resolved_version: 5.0.6
      type: collection
      python_deps:
        docker: 7.1.0
      scm: galaxy
    - name: community.postgresql
      version: ""
      resolved_version: 4.2.0
      type: collection
      python_deps:
        psycopg2-binary: 2.9.11
      scm: galaxy
    - name: community.general
      version: ""
      resolved_version: 12.4.0
      type: collection
      scm: galaxy
roles: []
tools:
    - name: ansible
      version: '>=13.0.0'
      resolved_version: 13.4.0
      type: tool
      scm: pypi
    - name: molecule
      version: '>=24.0.0'
      resolved_version: 26.2.0
      type: tool
      scm: pypi
    - name: ansible-lint
      version: '>=24.0.0'
      resolved_version: 26.2.0
      type: tool
      scm: pypi
    - name: yamllint
      version: '>=1.35.0'
      resolved_version: 1.38.0
      type: tool
      scm: pypi
