# This file is automatically generated by diffusion.
# Do not edit this file manually.
# Generated: 2026-03-28T06:47:52Z

version: "1.0"
generated: "2026-03-28T06:47:52Z"
hash: d74895d7ba5fbd2465917c463213514ed3712d7ac0bd3bbe0ad62ece6a857702
python:
    min: "3.11"
    max: "3.13"
    pinned: "3.13"
collections:
    - name: default.general
      namespace: community
      version: '>=12.5.0'
      resolved_version: 12.5.0
      type: collection
      scm: galaxy
    - name: default.postgresql
      namespace: community
      version: '>=4.2.0'
      resolved_version: 4.2.0
      type: collection
      python_deps:
        psycopg2-binary: 2.9.11
      scm: galaxy
    - name: default.docker
      namespace: community
      version: '>=5.1.0'
      resolved_version: 5.1.0
      type: collection
      python_deps:
        docker: 7.1.0
      scm: galaxy
roles: []
tools:
    - name: yamllint
      version: '>=1.35.0'
      resolved_version: 1.38.0
      type: tool
      scm: pypi
    - name: ansible
      version: '>=13.0.0'
      resolved_version: 13.5.0
      type: tool
      scm: pypi
    - name: molecule
      version: '>=24.0.0'
      resolved_version: 26.3.0
      type: tool
      scm: pypi
    - name: ansible-lint
      version: '>=24.0.0'
      resolved_version: 26.3.0
      type: tool
      scm: pypi
